
Microsoft Visual Studio Solution File, Format Version 12.00
# Visual Studio Version 17
VisualStudioVersion = 17.13.35931.197 d17.13
MinimumVisualStudioVersion = 10.0.40219.1
Project("{FAE04EC0-301F-11D3-BF4B-00C04F79EFBC}") = "Operatörler1", "Operatörler1\Operatörler1.csproj", "{4C41BEB8-4096-4D86-B84F-852C742047D1}"
EndProject
Global
	GlobalSection(SolutionConfigurationPlatforms) = preSolution
		Debug|Any CPU = Debug|Any CPU
		Release|Any CPU = Release|Any CPU
	EndGlobalSection
	GlobalSection(ProjectConfigurationPlatforms) = postSolution
		{4C41BEB8-4096-4D86-B84F-852C742047D1}.Debug|Any CPU.ActiveCfg = Debug|Any CPU
		{4C41BEB8-4096-4D86-B84F-852C742047D1}.Debug|Any CPU.Build.0 = Debug|Any CPU
		{4C41BEB8-4096-4D86-B84F-852C742047D1}.Release|Any CPU.ActiveCfg = Release|Any CPU
		{4C41BEB8-4096-4D86-B84F-852C742047D1}.Release|Any CPU.Build.0 = Release|Any CPU
	EndGlobalSection
	GlobalSection(SolutionProperties) = preSolution
		HideSolutionNode = FALSE
	EndGlobalSection
	GlobalSection(ExtensibilityGlobals) = postSolution
		SolutionGuid = {B9FB75CC-1199-4D0B-A205-DD38DC09517C}
	EndGlobalSection
EndGlobal
